
Microsoft Visual Studio Solution File, Format Version 12.00
# Visual Studio 14
VisualStudioVersion = 14.0.23107.0
MinimumVisualStudioVersion = 10.0.40219.1
Project("{FAE04EC0-301F-11D3-BF4B-00C04F79EFBC}") = "ToDoMvc", "ToDoMvc\ToDoMvc.csproj", "{D5A4B00F-7F82-4C0E-8CE5-9780BE0C09A0}"
EndProject
Project("{FAE04EC0-301F-11D3-BF4B-00C04F79EFBC}") = "ToDoMvc.Tests", "ToDoMvc.Tests\ToDoMvc.Tests.csproj", "{19D255CA-21E0-4F56-A9AD-ED8053A791DF}"
EndProject
Global
	GlobalSection(SolutionConfigurationPlatforms) = preSolution
		Debug|Any CPU = Debug|Any CPU
		Release|Any CPU = Release|Any CPU
	EndGlobalSection
	GlobalSection(ProjectConfigurationPlatforms) = postSolution
		{D5A4B00F-7F82-4C0E-8CE5-9780BE0C09A0}.Debug|Any CPU.ActiveCfg = Debug|Any CPU
		{D5A4B00F-7F82-4C0E-8CE5-9780BE0C09A0}.Debug|Any CPU.Build.0 = Debug|Any CPU
		{D5A4B00F-7F82-4C0E-8CE5-9780BE0C09A0}.Release|Any CPU.ActiveCfg = Release|Any CPU
		{D5A4B00F-7F82-4C0E-8CE5-9780BE0C09A0}.Release|Any CPU.Build.0 = Release|Any CPU
		{19D255CA-21E0-4F56-A9AD-ED8053A791DF}.Debug|Any CPU.ActiveCfg = Debug|Any CPU
		{19D255CA-21E0-4F56-A9AD-ED8053A791DF}.Debug|Any CPU.Build.0 = Debug|Any CPU
		{19D255CA-21E0-4F56-A9AD-ED8053A791DF}.Release|Any CPU.ActiveCfg = Release|Any CPU
		{19D255CA-21E0-4F56-A9AD-ED8053A791DF}.Release|Any CPU.Build.0 = Release|Any CPU
	EndGlobalSection
	GlobalSection(SolutionProperties) = preSolution
		HideSolutionNode = FALSE
	EndGlobalSection
EndGlobal
